{
  "version": 4,
  "terraform_version": "1.13.1",
  "serial": 441,
  "lineage": "7f4df2cf-54af-9770-ba69-0d0af535eea1",
  "outputs": {
    "cloudfront_domain_name": {
      "value": "d10al90d7rdl0p.cloudfront.net",
      "type": "string"
    },
    "http_api_endpoint": {
      "value": "https://gbq9cj5odb.execute-api.ap-southeast-2.amazonaws.com/prod/send",
      "type": "string"
    },
    "websocket_api_endpoint": {
      "value": "wss://fdx0v5jqud.execute-api.ap-southeast-2.amazonaws.com/prod",
      "type": "string"
    }
  },
  "resources": [
    {
      "mode": "data",
      "type": "archive_file",
      "name": "lambda_zips",
      "provider": "provider[\"registry.terraform.io/hashicorp/archive\"]",
      "instances": [
        {
          "index_key": "handle_connect",
          "schema_version": 0,
          "attributes": {
            "exclude_symlink_directories": null,
            "excludes": null,
            "id": "5a21ff7196754ee8ed5233ab2dcd0b78e7dcb68f",
            "output_base64sha256": "0iTdzyne1RwepZjEq6OAB7Uk9Q4oqRqtEuJWky14k+U=",
            "output_base64sha512": "jejq1Nroq5XK04d9GAVpo9vdLUBuxT1QLQwRqNKE18CYxLifgppMqto9f2kq1eKGLKCb3j4AzMbL+KXzNQHc6w==",
            "output_file_mode": null,
            "output_md5": "f64c54124ef8ff8157e2dcca68a9c3e0",
            "output_path": "./build/handle_connect.zip",
            "output_sha": "5a21ff7196754ee8ed5233ab2dcd0b78e7dcb68f",
            "output_sha256": "d224ddcf29ded51c1ea598c4aba38007b524f50e28a91aad12e256932d7893e5",
            "output_sha512": "8de8ead4dae8ab95cad3877d180569a3dbdd2d406ec53d502d0c11a8d284d7c098c4b89f829a4caada3d7f692ad5e2862ca09bde3e00ccc6cbf8a5f33501dceb",
            "output_size": 559,
            "source": [],
            "source_content": null,
            "source_content_filename": null,
            "source_dir": "lambda/handle_connect",
            "source_file": null,
            "type": "zip"
          },
          "sensitive_attributes": [],
          "identity_schema_version": 0
        },
        {
          "index_key": "handle_disconnect",
          "schema_version": 0,
          "attributes": {
            "exclude_symlink_directories": null,
            "excludes": null,
            "id": "1a414d8e3e19d03b4a8d676aa62a0d628dac5f1f",
            "output_base64sha256": "3bts1dchUHkC0Hsa0haMmnNa0oRnhfa8rX6f5VDKP2M=",
            "output_base64sha512": "0btgpibk3zXjL5X5Ks9vH9TtgkNOPoyjEGm/5VKNRTFMy/BbmX3mXqvTnLUu3ULRYXoe7F4vburslcm0NceQUQ==",
            "output_file_mode": null,
            "output_md5": "cef187cbf2f68398e0c7228370908342",
            "output_path": "./build/handle_disconnect.zip",
            "output_sha": "1a414d8e3e19d03b4a8d676aa62a0d628dac5f1f",
            "output_sha256": "ddbb6cd5d721507902d07b1ad2168c9a735ad2846785f6bcad7e9fe550ca3f63",
            "output_sha512": "d1bb60a626e4df35e32f95f92acf6f1fd4ed82434e3e8ca31069bfe5528d45314ccbf05b997de65eabd39cb52edd42d1617a1eec5e2f6eeaec95c9b435c79051",
            "output_size": 332,
            "source": [],
            "source_content": null,
            "source_content_filename": null,
            "source_dir": "lambda/handle_disconnect",
            "source_file": null,
            "type": "zip"
          },
          "sensitive_attributes": [],
          "identity_schema_version": 0
        },
        {
          "index_key": "handle_send_message",
          "schema_version": 0,
          "attributes": {
            "exclude_symlink_directories": null,
            "excludes": null,
            "id": "cfe3ea56a9310ffe51c6ffab3b742589301c0fd2",
            "output_base64sha256": "csQPUtLm87NPQ137WEgQRvy+2tJbQg6fabHT39ft5ec=",
            "output_base64sha512": "tdr16yGuglqvd1ohW+BKKjwpXvKFQEPcvLYqLTuvQCx3fdCEA8L5Z+92kHqWAnjXiizYhuioFtteEI6FFRr/jg==",
            "output_file_mode": null,
            "output_md5": "086d6fefe682aec4dca8acf3745deb8f",
            "output_path": "./build/handle_send_message.zip",
            "output_sha": "cfe3ea56a9310ffe51c6ffab3b742589301c0fd2",
            "output_sha256": "72c40f52d2e6f3b34f435dfb58481046fcbedad25b420e9f69b1d3dfd7ede5e7",
            "output_sha512": "b5daf5eb21ae825aaf775a215be04a2a3c295ef2854043dcbcb62a2d3baf402c777dd08403c2f967ef76907a960278d78a2cd886e8a816db5e108e85151aff8e",
            "output_size": 1081,
            "source": [],
            "source_content": null,
            "source_content_filename": null,
            "source_dir": "lambda/handle_send_message",
            "source_file": null,
            "type": "zip"
          },
          "sensitive_attributes": [],
          "identity_schema_version": 0
        },
        {
          "index_key": "post_connect_worker",
          "schema_version": 0,
          "attributes": {
            "exclude_symlink_directories": null,
            "excludes": null,
            "id": "cf8ae09b259c0e519b5232b2f8673e3db73ae345",
            "output_base64sha256": "1MP8DWHNEB2CVBuF5Goel1vLXFZgkQPOLw3nyTAbbMY=",
            "output_base64sha512": "ozQraZ26VMWSc9VhSuLSp155pKmbPed78xiPGobQ0w9VPiRs6i6k2/XgqezHQAEy8TGch9HM188TCxiUT4RCuQ==",
            "output_file_mode": null,
            "output_md5": "71ea2d2a9b300a500664a1192c5fd2e0",
            "output_path": "./build/post_connect_worker.zip",
            "output_sha": "cf8ae09b259c0e519b5232b2f8673e3db73ae345",
            "output_sha256": "d4c3fc0d61cd101d82541b85e46a1e975bcb5c56609103ce2f0de7c9301b6cc6",
            "output_sha512": "a3342b699dba54c59273d5614ae2d2a75e79a4a99b3de77bf3188f1a86d0d30f553e246cea2ea4dbf5e0a9ecc7400132f1319c87d1ccd7cf130b18944f8442b9",
            "output_size": 732,
            "source": [],
            "source_content": null,
            "source_content_filename": null,
            "source_dir": "lambda/post_connect_worker",
            "source_file": null,
            "type": "zip"
          },
          "sensitive_attributes": [],
          "identity_schema_version": 0
        }
      ]
    },
    {
      "mode": "data",
      "type": "aws_caller_identity",
      "name": "current",
      "provider": "provider[\"registry.terraform.io/hashicorp/aws\"]",
      "instances": [
        {
          "schema_version": 0,
          "attributes": {
            "account_id": "819351093183",
            "arn": "arn:aws:iam::819351093183:user/dev",
            "id": "819351093183",
            "user_id": "AIDA35RJBP674PMFNZRT6"
          },
          "sensitive_attributes": [],
          "identity_schema_version": 0
        }
      ]
    },
    {
      "mode": "data",
      "type": "aws_iam_policy_document",
      "name": "apigw_log_policy",
      "provider": "provider[\"registry.terraform.io/hashicorp/aws\"]",
      "instances": [
        {
          "schema_version": 0,
          "attributes": {
            "id": "3546645223",
            "json": "{\n  \"Version\": \"2012-10-17\",\n  \"Statement\": [\n    {\n      \"Effect\": \"Allow\",\n      \"Action\": [\n        \"logs:PutLogEvents\",\n        \"logs:CreateLogStream\",\n        \"logs:CreateLogGroup\"\n      ],\n      \"Resource\": \"*\"\n    }\n  ]\n}",
            "minified_json": "{\"Version\":\"2012-10-17\",\"Statement\":[{\"Effect\":\"Allow\",\"Action\":[\"logs:PutLogEvents\",\"logs:CreateLogStream\",\"logs:CreateLogGroup\"],\"Resource\":\"*\"}]}",
            "override_json": null,
            "override_policy_documents": null,
            "policy_id": null,
            "source_json": null,
            "source_policy_documents": null,
            "statement": [
              {
                "actions": [
                  "logs:CreateLogGroup",
                  "logs:CreateLogStream",
                  "logs:PutLogEvents"
                ],
                "condition": [],
                "effect": "Allow",
                "not_actions": [],
                "not_principals": [],
                "not_resources": [],
                "principals": [],
                "resources": [
                  "*"
                ],
                "sid": ""
              }
            ],
            "version": "2012-10-17"
          },
          "sensitive_attributes": [],
          "identity_schema_version": 0
        }
      ]
    },
    {
      "mode": "data",
      "type": "aws_iam_policy_document",
      "name": "apigw_logs_assume",
      "provider": "provider[\"registry.terraform.io/hashicorp/aws\"]",
      "instances": [
        {
          "schema_version": 0,
          "attributes": {
            "id": "2699642182",
            "json": "{\n  \"Version\": \"2012-10-17\",\n  \"Statement\": [\n    {\n      \"Effect\": \"Allow\",\n      \"Action\": \"sts:AssumeRole\",\n      \"Principal\": {\n        \"Service\": \"apigateway.amazonaws.com\"\n      }\n    }\n  ]\n}",
            "minified_json": "{\"Version\":\"2012-10-17\",\"Statement\":[{\"Effect\":\"Allow\",\"Action\":\"sts:AssumeRole\",\"Principal\":{\"Service\":\"apigateway.amazonaws.com\"}}]}",
            "override_json": null,
            "override_policy_documents": null,
            "policy_id": null,
            "source_json": null,
            "source_policy_documents": null,
            "statement": [
              {
                "actions": [
                  "sts:AssumeRole"
                ],
                "condition": [],
                "effect": "Allow",
                "not_actions": [],
                "not_principals": [],
                "not_resources": [],
                "principals": [
                  {
                    "identifiers": [
                      "apigateway.amazonaws.com"
                    ],
                    "type": "Service"
                  }
                ],
                "resources": [],
                "sid": ""
              }
            ],
            "version": "2012-10-17"
          },
          "sensitive_attributes": [],
          "identity_schema_version": 0
        }
      ]
    },
    {
      "mode": "data",
      "type": "aws_iam_policy_document",
      "name": "lambda_assume",
      "provider": "provider[\"registry.terraform.io/hashicorp/aws\"]",
      "instances": [
        {
          "schema_version": 0,
          "attributes": {
            "id": "2690255455",
            "json": "{\n  \"Version\": \"2012-10-17\",\n  \"Statement\": [\n    {\n      \"Effect\": \"Allow\",\n      \"Action\": \"sts:AssumeRole\",\n      \"Principal\": {\n        \"Service\": \"lambda.amazonaws.com\"\n      }\n    }\n  ]\n}",
            "minified_json": "{\"Version\":\"2012-10-17\",\"Statement\":[{\"Effect\":\"Allow\",\"Action\":\"sts:AssumeRole\",\"Principal\":{\"Service\":\"lambda.amazonaws.com\"}}]}",
            "override_json": null,
            "override_policy_documents": null,
            "policy_id": null,
            "source_json": null,
            "source_policy_documents": null,
            "statement": [
              {
                "actions": [
                  "sts:AssumeRole"
                ],
                "condition": [],
                "effect": "Allow",
                "not_actions": [],
                "not_principals": [],
                "not_resources": [],
                "principals": [
                  {
                    "identifiers": [
                      "lambda.amazonaws.com"
                    ],
                    "type": "Service"
                  }
                ],
                "resources": [],
                "sid": ""
              }
            ],
            "version": "2012-10-17"
          },
          "sensitive_attributes": [],
          "identity_schema_version": 0
        }
      ]
    },
    {
      "mode": "data",
      "type": "aws_iam_policy_document",
      "name": "lambda_policy_doc",
      "provider": "provider[\"registry.terraform.io/hashicorp/aws\"]",
      "instances": [
        {
          "schema_version": 0,
          "attributes": {
            "id": "106445495",
            "json": "{\n  \"Version\": \"2012-10-17\",\n  \"Statement\": [\n    {\n      \"Sid\": \"DynamoPermissionsConnections\",\n      \"Effect\": \"Allow\",\n      \"Action\": [\n        \"dynamodb:Scan\",\n        \"dynamodb:PutItem\",\n        \"dynamodb:DeleteItem\"\n      ],\n      \"Resource\": \"arn:aws:dynamodb:ap-southeast-2:819351093183:table/WebSocketConnections\"\n    },\n    {\n      \"Sid\": \"ManageConnections\",\n      \"Effect\": \"Allow\",\n      \"Action\": \"execute-api:ManageConnections\",\n      \"Resource\": \"*\"\n    },\n    {\n      \"Sid\": \"MessagesTable\",\n      \"Effect\": \"Allow\",\n      \"Action\": [\n        \"dynamodb:Query\",\n        \"dynamodb:PutItem\",\n        \"dynamodb:DeleteItem\"\n      ],\n      \"Resource\": \"arn:aws:dynamodb:ap-southeast-2:819351093183:table/AnalysisMessages\"\n    }\n  ]\n}",
            "minified_json": "{\"Version\":\"2012-10-17\",\"Statement\":[{\"Sid\":\"DynamoPermissionsConnections\",\"Effect\":\"Allow\",\"Action\":[\"dynamodb:Scan\",\"dynamodb:PutItem\",\"dynamodb:DeleteItem\"],\"Resource\":\"arn:aws:dynamodb:ap-southeast-2:819351093183:table/WebSocketConnections\"},{\"Sid\":\"ManageConnections\",\"Effect\":\"Allow\",\"Action\":\"execute-api:ManageConnections\",\"Resource\":\"*\"},{\"Sid\":\"MessagesTable\",\"Effect\":\"Allow\",\"Action\":[\"dynamodb:Query\",\"dynamodb:PutItem\",\"dynamodb:DeleteItem\"],\"Resource\":\"arn:aws:dynamodb:ap-southeast-2:819351093183:table/AnalysisMessages\"}]}",
            "override_json": null,
            "override_policy_documents": null,
            "policy_id": null,
            "source_json": null,
            "source_policy_documents": null,
            "statement": [
              {
                "actions": [
                  "dynamodb:DeleteItem",
                  "dynamodb:PutItem",
                  "dynamodb:Scan"
                ],
                "condition": [],
                "effect": "Allow",
                "not_actions": [],
                "not_principals": [],
                "not_resources": [],
                "principals": [],
                "resources": [
                  "arn:aws:dynamodb:ap-southeast-2:819351093183:table/WebSocketConnections"
                ],
                "sid": "DynamoPermissionsConnections"
              },
              {
                "actions": [
                  "execute-api:ManageConnections"
                ],
                "condition": [],
                "effect": "Allow",
                "not_actions": [],
                "not_principals": [],
                "not_resources": [],
                "principals": [],
                "resources": [
                  "*"
                ],
                "sid": "ManageConnections"
              },
              {
                "actions": [
                  "dynamodb:DeleteItem",
                  "dynamodb:PutItem",
                  "dynamodb:Query"
                ],
                "condition": [],
                "effect": "Allow",
                "not_actions": [],
                "not_principals": [],
                "not_resources": [],
                "principals": [],
                "resources": [
                  "arn:aws:dynamodb:ap-southeast-2:819351093183:table/AnalysisMessages"
                ],
                "sid": "MessagesTable"
              }
            ],
            "version": "2012-10-17"
          },
          "sensitive_attributes": [],
          "identity_schema_version": 0
        }
      ]
    },
    {
      "mode": "managed",
      "type": "aws_apigatewayv2_api",
      "name": "http_api",
      "provider": "provider[\"registry.terraform.io/hashicorp/aws\"]",
      "instances": [
        {
          "schema_version": 0,
          "attributes": {
            "api_endpoint": "https://gbq9cj5odb.execute-api.ap-southeast-2.amazonaws.com",
            "api_key_selection_expression": "$request.header.x-api-key",
            "arn": "arn:aws:apigateway:ap-southeast-2::/apis/gbq9cj5odb",
            "body": null,
            "cors_configuration": [],
            "credentials_arn": null,
            "description": "",
            "disable_execute_api_endpoint": false,
            "execution_arn": "arn:aws:execute-api:ap-southeast-2:819351093183:gbq9cj5odb",
            "fail_on_warnings": null,
            "id": "gbq9cj5odb",
            "ip_address_type": "ipv4",
            "name": "HttpPushApi",
            "protocol_type": "HTTP",
            "route_key": null,
            "route_selection_expression": "$request.method $request.path",
            "tags": {},
            "tags_all": {},
            "target": null,
            "version": ""
          },
          "sensitive_attributes": [],
          "identity_schema_version": 0,
          "private": "bnVsbA=="
        }
      ]
    },
    {
      "mode": "managed",
      "type": "aws_apigatewayv2_api",
      "name": "websocket_api",
      "provider": "provider[\"registry.terraform.io/hashicorp/aws\"]",
      "instances": [
        {
          "schema_version": 0,
          "attributes": {
            "api_endpoint": "wss://fdx0v5jqud.execute-api.ap-southeast-2.amazonaws.com",
            "api_key_selection_expression": "$request.header.x-api-key",
            "arn": "arn:aws:apigateway:ap-southeast-2::/apis/fdx0v5jqud",
            "body": null,
            "cors_configuration": [],
            "credentials_arn": null,
            "description": "",
            "disable_execute_api_endpoint": false,
            "execution_arn": "arn:aws:execute-api:ap-southeast-2:819351093183:fdx0v5jqud",
            "fail_on_warnings": null,
            "id": "fdx0v5jqud",
            "ip_address_type": "ipv4",
            "name": "WebSocketChatApi",
            "protocol_type": "WEBSOCKET",
            "route_key": null,
            "route_selection_expression": "$request.body.action",
            "tags": {},
            "tags_all": {},
            "target": null,
            "version": ""
          },
          "sensitive_attributes": [],
          "identity_schema_version": 0,
          "private": "bnVsbA=="
        }
      ]
    },
    {
      "mode": "managed",
      "type": "aws_apigatewayv2_deployment",
      "name": "ws_deployment",
      "provider": "provider[\"registry.terraform.io/hashicorp/aws\"]",
      "instances": [
        {
          "schema_version": 0,
          "attributes": {
            "api_id": "fdx0v5jqud",
            "auto_deployed": false,
            "description": "",
            "id": "xbh6a0",
            "triggers": {
              "routes_hash": "509816b0b054bd3f6a809aacbea218ccdbd16447"
            }
          },
          "sensitive_attributes": [],
          "identity_schema_version": 0,
          "private": "bnVsbA==",
          "dependencies": [
            "aws_apigatewayv2_api.websocket_api",
            "aws_apigatewayv2_integration.ws_connect_integration",
            "aws_apigatewayv2_integration.ws_disconnect_integration",
            "aws_apigatewayv2_integration.ws_send_integration",
            "aws_apigatewayv2_route.ws_connect_route",
            "aws_apigatewayv2_route.ws_disconnect_route",
            "aws_apigatewayv2_route.ws_send_route",
            "aws_dynamodb_table.analysis_messages",
            "aws_dynamodb_table.websocket_connections",
            "aws_iam_role.lambda_execution",
            "aws_lambda_function.lambda_functions",
            "data.archive_file.lambda_zips",
            "data.aws_iam_policy_document.lambda_assume"
          ]
        }
      ]
    },
    {
      "mode": "managed",
      "type": "aws_apigatewayv2_integration",
      "name": "http_send_integration",
      "provider": "provider[\"registry.terraform.io/hashicorp/aws\"]",
      "instances": [
        {
          "schema_version": 0,
          "attributes": {
            "api_id": "gbq9cj5odb",
            "connection_id": "",
            "connection_type": "INTERNET",
            "content_handling_strategy": "",
            "credentials_arn": "",
            "description": "",
            "id": "4vfcr0d",
            "integration_method": "POST",
            "integration_response_selection_expression": "",
            "integration_subtype": "",
            "integration_type": "AWS_PROXY",
            "integration_uri": "arn:aws:apigateway:ap-southeast-2:lambda:path/2015-03-31/functions/arn:aws:lambda:ap-southeast-2:819351093183:function:handle_send_message/invocations",
            "passthrough_behavior": "",
            "payload_format_version": "2.0",
            "request_parameters": {},
            "request_templates": {},
            "response_parameters": [],
            "template_selection_expression": "",
            "timeout_milliseconds": 30000,
            "tls_config": []
          },
          "sensitive_attributes": [],
          "identity_schema_version": 0,
          "private": "bnVsbA==",
          "dependencies": [
            "aws_apigatewayv2_api.http_api",
            "aws_apigatewayv2_api.websocket_api",
            "aws_dynamodb_table.analysis_messages",
            "aws_dynamodb_table.websocket_connections",
            "aws_iam_role.lambda_execution",
            "aws_lambda_function.lambda_functions",
            "data.archive_file.lambda_zips",
            "data.aws_iam_policy_document.lambda_assume"
          ]
        }
      ]
    },
    {
      "mode": "managed",
      "type": "aws_apigatewayv2_integration",
      "name": "ws_connect_integration",
      "provider": "provider[\"registry.terraform.io/hashicorp/aws\"]",
      "instances": [
        {
          "schema_version": 0,
          "attributes": {
            "api_id": "fdx0v5jqud",
            "connection_id": "",
            "connection_type": "INTERNET",
            "content_handling_strategy": "",
            "credentials_arn": "",
            "description": "",
            "id": "ryjznjc",
            "integration_method": "POST",
            "integration_response_selection_expression": "",
            "integration_subtype": "",
            "integration_type": "AWS_PROXY",
            "integration_uri": "arn:aws:apigateway:ap-southeast-2:lambda:path/2015-03-31/functions/arn:aws:lambda:ap-southeast-2:819351093183:function:handle_connect/invocations",
            "passthrough_behavior": "WHEN_NO_MATCH",
            "payload_format_version": "1.0",
            "request_parameters": {},
            "request_templates": {},
            "response_parameters": [],
            "template_selection_expression": "",
            "timeout_milliseconds": 29000,
            "tls_config": []
          },
          "sensitive_attributes": [],
          "identity_schema_version": 0,
          "private": "bnVsbA==",
          "dependencies": [
            "aws_apigatewayv2_api.websocket_api",
            "aws_dynamodb_table.analysis_messages",
            "aws_dynamodb_table.websocket_connections",
            "aws_iam_role.lambda_execution",
            "aws_lambda_function.lambda_functions",
            "data.archive_file.lambda_zips",
            "data.aws_iam_policy_document.lambda_assume"
          ]
        }
      ]
    },
    {
      "mode": "managed",
      "type": "aws_apigatewayv2_integration",
      "name": "ws_disconnect_integration",
      "provider": "provider[\"registry.terraform.io/hashicorp/aws\"]",
      "instances": [
        {
          "schema_version": 0,
          "attributes": {
            "api_id": "fdx0v5jqud",
            "connection_id": "",
            "connection_type": "INTERNET",
            "content_handling_strategy": "",
            "credentials_arn": "",
            "description": "",
            "id": "i5rqjsa",
            "integration_method": "POST",
            "integration_response_selection_expression": "",
            "integration_subtype": "",
            "integration_type": "AWS_PROXY",
            "integration_uri": "arn:aws:apigateway:ap-southeast-2:lambda:path/2015-03-31/functions/arn:aws:lambda:ap-southeast-2:819351093183:function:handle_disconnect/invocations",
            "passthrough_behavior": "WHEN_NO_MATCH",
            "payload_format_version": "1.0",
            "request_parameters": {},
            "request_templates": {},
            "response_parameters": [],
            "template_selection_expression": "",
            "timeout_milliseconds": 29000,
            "tls_config": []
          },
          "sensitive_attributes": [],
          "identity_schema_version": 0,
          "private": "bnVsbA==",
          "dependencies": [
            "aws_apigatewayv2_api.websocket_api",
            "aws_dynamodb_table.analysis_messages",
            "aws_dynamodb_table.websocket_connections",
            "aws_iam_role.lambda_execution",
            "aws_lambda_function.lambda_functions",
            "data.archive_file.lambda_zips",
            "data.aws_iam_policy_document.lambda_assume"
          ]
        }
      ]
    },
    {
      "mode": "managed",
      "type": "aws_apigatewayv2_integration",
      "name": "ws_send_integration",
      "provider": "provider[\"registry.terraform.io/hashicorp/aws\"]",
      "instances": [
        {
          "schema_version": 0,
          "attributes": {
            "api_id": "fdx0v5jqud",
            "connection_id": "",
            "connection_type": "INTERNET",
            "content_handling_strategy": "",
            "credentials_arn": "",
            "description": "",
            "id": "gfadpuo",
            "integration_method": "POST",
            "integration_response_selection_expression": "",
            "integration_subtype": "",
            "integration_type": "AWS_PROXY",
            "integration_uri": "arn:aws:apigateway:ap-southeast-2:lambda:path/2015-03-31/functions/arn:aws:lambda:ap-southeast-2:819351093183:function:handle_send_message/invocations",
            "passthrough_behavior": "WHEN_NO_MATCH",
            "payload_format_version": "1.0",
            "request_parameters": {},
            "request_templates": {},
            "response_parameters": [],
            "template_selection_expression": "",
            "timeout_milliseconds": 29000,
            "tls_config": []
          },
          "sensitive_attributes": [],
          "identity_schema_version": 0,
          "private": "bnVsbA==",
          "dependencies": [
            "aws_apigatewayv2_api.websocket_api",
            "aws_dynamodb_table.analysis_messages",
            "aws_dynamodb_table.websocket_connections",
            "aws_iam_role.lambda_execution",
            "aws_lambda_function.lambda_functions",
            "data.archive_file.lambda_zips",
            "data.aws_iam_policy_document.lambda_assume"
          ]
        }
      ]
    },
    {
      "mode": "managed",
      "type": "aws_apigatewayv2_route",
      "name": "http_send_route",
      "provider": "provider[\"registry.terraform.io/hashicorp/aws\"]",
      "instances": [
        {
          "schema_version": 0,
          "attributes": {
            "api_id": "gbq9cj5odb",
            "api_key_required": false,
            "authorization_scopes": [],
            "authorization_type": "NONE",
            "authorizer_id": "",
            "id": "wid2re9",
            "model_selection_expression": "",
            "operation_name": "",
            "request_models": {},
            "request_parameter": [],
            "route_key": "POST /send",
            "route_response_selection_expression": "",
            "target": "integrations/4vfcr0d"
          },
          "sensitive_attributes": [],
          "identity_schema_version": 0,
          "private": "bnVsbA==",
          "dependencies": [
            "aws_apigatewayv2_api.http_api",
            "aws_apigatewayv2_api.websocket_api",
            "aws_apigatewayv2_integration.http_send_integration",
            "aws_dynamodb_table.analysis_messages",
            "aws_dynamodb_table.websocket_connections",
            "aws_iam_role.lambda_execution",
            "aws_lambda_function.lambda_functions",
            "data.archive_file.lambda_zips",
            "data.aws_iam_policy_document.lambda_assume"
          ]
        }
      ]
    },
    {
      "mode": "managed",
      "type": "aws_apigatewayv2_route",
      "name": "ws_connect_route",
      "provider": "provider[\"registry.terraform.io/hashicorp/aws\"]",
      "instances": [
        {
          "schema_version": 0,
          "attributes": {
            "api_id": "fdx0v5jqud",
            "api_key_required": false,
            "authorization_scopes": [],
            "authorization_type": "NONE",
            "authorizer_id": "",
            "id": "dqy5pk2",
            "model_selection_expression": "",
            "operation_name": "",
            "request_models": {},
            "request_parameter": [],
            "route_key": "$connect",
            "route_response_selection_expression": "",
            "target": "integrations/ryjznjc"
          },
          "sensitive_attributes": [],
          "identity_schema_version": 0,
          "private": "bnVsbA==",
          "dependencies": [
            "aws_apigatewayv2_api.websocket_api",
            "aws_apigatewayv2_integration.ws_connect_integration",
            "aws_dynamodb_table.analysis_messages",
            "aws_dynamodb_table.websocket_connections",
            "aws_iam_role.lambda_execution",
            "aws_lambda_function.lambda_functions",
            "data.archive_file.lambda_zips",
            "data.aws_iam_policy_document.lambda_assume"
          ]
        }
      ]
    },
    {
      "mode": "managed",
      "type": "aws_apigatewayv2_route",
      "name": "ws_disconnect_route",
      "provider": "provider[\"registry.terraform.io/hashicorp/aws\"]",
      "instances": [
        {
          "schema_version": 0,
          "attributes": {
            "api_id": "fdx0v5jqud",
            "api_key_required": false,
            "authorization_scopes": [],
            "authorization_type": "NONE",
            "authorizer_id": "",
            "id": "49fcqrm",
            "model_selection_expression": "",
            "operation_name": "",
            "request_models": {},
            "request_parameter": [],
            "route_key": "$disconnect",
            "route_response_selection_expression": "",
            "target": "integrations/i5rqjsa"
          },
          "sensitive_attributes": [],
          "identity_schema_version": 0,
          "private": "bnVsbA==",
          "dependencies": [
            "aws_apigatewayv2_api.websocket_api",
            "aws_apigatewayv2_integration.ws_disconnect_integration",
            "aws_dynamodb_table.analysis_messages",
            "aws_dynamodb_table.websocket_connections",
            "aws_iam_role.lambda_execution",
            "aws_lambda_function.lambda_functions",
            "data.archive_file.lambda_zips",
            "data.aws_iam_policy_document.lambda_assume"
          ]
        }
      ]
    },
    {
      "mode": "managed",
      "type": "aws_apigatewayv2_route",
      "name": "ws_send_route",
      "provider": "provider[\"registry.terraform.io/hashicorp/aws\"]",
      "instances": [
        {
          "schema_version": 0,
          "attributes": {
            "api_id": "fdx0v5jqud",
            "api_key_required": false,
            "authorization_scopes": [],
            "authorization_type": "NONE",
            "authorizer_id": "",
            "id": "vpko6n8",
            "model_selection_expression": "",
            "operation_name": "",
            "request_models": {},
            "request_parameter": [],
            "route_key": "sendmessage",
            "route_response_selection_expression": "",
            "target": "integrations/gfadpuo"
          },
          "sensitive_attributes": [],
          "identity_schema_version": 0,
          "private": "bnVsbA==",
          "dependencies": [
            "aws_apigatewayv2_api.websocket_api",
            "aws_apigatewayv2_integration.ws_send_integration",
            "aws_dynamodb_table.analysis_messages",
            "aws_dynamodb_table.websocket_connections",
            "aws_iam_role.lambda_execution",
            "aws_lambda_function.lambda_functions",
            "data.archive_file.lambda_zips",
            "data.aws_iam_policy_document.lambda_assume"
          ]
        }
      ]
    },
    {
      "mode": "managed",
      "type": "aws_apigatewayv2_stage",
      "name": "http_stage",
      "provider": "provider[\"registry.terraform.io/hashicorp/aws\"]",
      "instances": [
        {
          "schema_version": 0,
          "attributes": {
            "access_log_settings": [
              {
                "destination_arn": "arn:aws:logs:ap-southeast-2:819351093183:log-group:/aws/apigateway/HttpPushApi-prod",
                "format": "{\"requestId\":\"$context.requestId\",\"routeKey\":\"$context.routeKey\",\"status\":\"$context.status\"}"
              }
            ],
            "api_id": "gbq9cj5odb",
            "arn": "arn:aws:apigateway:ap-southeast-2::/apis/gbq9cj5odb/stages/prod",
            "auto_deploy": true,
            "client_certificate_id": "",
            "default_route_settings": [
              {
                "data_trace_enabled": false,
                "detailed_metrics_enabled": false,
                "logging_level": "",
                "throttling_burst_limit": 5000,
                "throttling_rate_limit": 10000
              }
            ],
            "deployment_id": "otypvw",
            "description": "",
            "execution_arn": "arn:aws:execute-api:ap-southeast-2:819351093183:gbq9cj5odb/prod",
            "id": "prod",
            "invoke_url": "https://gbq9cj5odb.execute-api.ap-southeast-2.amazonaws.com/prod",
            "name": "prod",
            "route_settings": [],
            "stage_variables": {},
            "tags": {},
            "tags_all": {}
          },
          "sensitive_attributes": [],
          "identity_schema_version": 0,
          "private": "bnVsbA==",
          "dependencies": [
            "aws_apigatewayv2_api.http_api",
            "aws_cloudwatch_log_group.http_api_logs"
          ]
        }
      ]
    },
    {
      "mode": "managed",
      "type": "aws_apigatewayv2_stage",
      "name": "ws_stage",
      "provider": "provider[\"registry.terraform.io/hashicorp/aws\"]",
      "instances": [
        {
          "schema_version": 0,
          "attributes": {
            "access_log_settings": [
              {
                "destination_arn": "arn:aws:logs:ap-southeast-2:819351093183:log-group:/aws/apigateway/fdx0v5jqud",
                "format": "{\"requestId\":\"$context.requestId\",\"routeKey\":\"$context.routeKey\",\"status\":\"$context.status\"}"
              }
            ],
            "api_id": "fdx0v5jqud",
            "arn": "arn:aws:apigateway:ap-southeast-2::/apis/fdx0v5jqud/stages/prod",
            "auto_deploy": true,
            "client_certificate_id": "",
            "default_route_settings": [
              {
                "data_trace_enabled": true,
                "detailed_metrics_enabled": false,
                "logging_level": "INFO",
                "throttling_burst_limit": 5000,
                "throttling_rate_limit": 10000
              }
            ],
            "deployment_id": "5w72di",
            "description": "",
            "execution_arn": "arn:aws:execute-api:ap-southeast-2:819351093183:fdx0v5jqud/prod",
            "id": "prod",
            "invoke_url": "wss://fdx0v5jqud.execute-api.ap-southeast-2.amazonaws.com/prod",
            "name": "prod",
            "route_settings": [],
            "stage_variables": {},
            "tags": {
              "Environment": "prod"
            },
            "tags_all": {
              "Environment": "prod"
            }
          },
          "sensitive_attributes": [],
          "identity_schema_version": 0,
          "private": "bnVsbA==",
          "dependencies": [
            "aws_apigatewayv2_api.websocket_api",
            "aws_cloudwatch_log_group.websocket_api_logs"
          ]
        }
      ]
    },
    {
      "mode": "managed",
      "type": "aws_cloudfront_distribution",
      "name": "frontend_cf",
      "provider": "provider[\"registry.terraform.io/hashicorp/aws\"]",
      "instances": [
        {
          "schema_version": 1,
          "attributes": {
            "aliases": [],
            "arn": "arn:aws:cloudfront::819351093183:distribution/E3GSUPL4OD6WCJ",
            "caller_reference": "terraform-20250807115135016400000002",
            "comment": null,
            "continuous_deployment_policy_id": "",
            "custom_error_response": [],
            "default_cache_behavior": [
              {
                "allowed_methods": [
                  "GET",
                  "HEAD"
                ],
                "cache_policy_id": "",
                "cached_methods": [
                  "GET",
                  "HEAD"
                ],
                "compress": false,
                "default_ttl": 0,
                "field_level_encryption_id": "",
                "forwarded_values": [
                  {
                    "cookies": [
                      {
                        "forward": "none",
                        "whitelisted_names": []
                      }
                    ],
                    "headers": [],
                    "query_string": false,
                    "query_string_cache_keys": []
                  }
                ],
                "function_association": [],
                "grpc_config": [
                  {
                    "enabled": false
                  }
                ],
                "lambda_function_association": [],
                "max_ttl": 0,
                "min_ttl": 0,
                "origin_request_policy_id": "",
                "realtime_log_config_arn": "",
                "response_headers_policy_id": "",
                "smooth_streaming": false,
                "target_origin_id": "public-s3-origin",
                "trusted_key_groups": [],
                "trusted_signers": [],
                "viewer_protocol_policy": "redirect-to-https"
              }
            ],
            "default_root_object": "index.html",
            "domain_name": "d10al90d7rdl0p.cloudfront.net",
            "enabled": true,
            "etag": "E2M0JTV9EYF4I0",
            "hosted_zone_id": "Z2FDTNDATAQYW2",
            "http_version": "http2",
            "id": "E3GSUPL4OD6WCJ",
            "in_progress_validation_batches": 0,
            "is_ipv6_enabled": false,
            "last_modified_time": "2025-08-07 12:01:54.504 +0000 UTC",
            "logging_config": [],
            "ordered_cache_behavior": [],
            "origin": [
              {
                "connection_attempts": 3,
                "connection_timeout": 10,
                "custom_header": [],
                "custom_origin_config": [
                  {
                    "http_port": 80,
                    "https_port": 443,
                    "origin_keepalive_timeout": 5,
                    "origin_protocol_policy": "https-only",
                    "origin_read_timeout": 30,
                    "origin_ssl_protocols": [
                      "TLSv1.2"
                    ]
                  }
                ],
                "domain_name": "qts-front-5222753b.s3.ap-southeast-2.amazonaws.com",
                "origin_access_control_id": "",
                "origin_id": "public-s3-origin",
                "origin_path": "",
                "origin_shield": [],
                "s3_origin_config": [],
                "vpc_origin_config": []
              }
            ],
            "origin_group": [],
            "price_class": "PriceClass_100",
            "restrictions": [
              {
                "geo_restriction": [
                  {
                    "locations": [],
                    "restriction_type": "none"
                  }
                ]
              }
            ],
            "retain_on_delete": false,
            "staging": false,
            "status": "Deployed",
            "tags": {
              "Environment": "prod"
            },
            "tags_all": {
              "Environment": "prod"
            },
            "trusted_key_groups": [
              {
                "enabled": false,
                "items": []
              }
            ],
            "trusted_signers": [
              {
                "enabled": false,
                "items": []
              }
            ],
            "viewer_certificate": [
              {
                "acm_certificate_arn": "",
                "cloudfront_default_certificate": true,
                "iam_certificate_id": "",
                "minimum_protocol_version": "TLSv1",
                "ssl_support_method": ""
              }
            ],
            "wait_for_deployment": true,
            "web_acl_id": ""
          },
          "sensitive_attributes": [],
          "identity_schema_version": 0,
          "private": "eyJzY2hlbWFfdmVyc2lvbiI6IjEifQ==",
          "dependencies": [
            "aws_s3_bucket.frontend_bucket"
          ]
        }
      ]
    },
    {
      "mode": "managed",
      "type": "aws_cloudfront_origin_access_identity",
      "name": "oai",
      "provider": "provider[\"registry.terraform.io/hashicorp/aws\"]",
      "instances": [
        {
          "schema_version": 0,
          "attributes": {
            "arn": "arn:aws:cloudfront::819351093183:origin-access-identity/E1LKWPWCP3158T",
            "caller_reference": "terraform-20250807115133107500000001",
            "cloudfront_access_identity_path": "origin-access-identity/cloudfront/E1LKWPWCP3158T",
            "comment": "OAI for S3 access",
            "etag": "E3UN6WX5RRO2AG",
            "iam_arn": "arn:aws:iam::cloudfront:user/CloudFront Origin Access Identity E1LKWPWCP3158T",
            "id": "E1LKWPWCP3158T",
            "s3_canonical_user_id": "d40aa5bb24202a99bb1a333340d4c5d3dcb606ab24fec5cadd97aaff3a48460d046d190d71010c661aa32fa7d0f31b0d"
          },
          "sensitive_attributes": [],
          "identity_schema_version": 0,
          "private": "bnVsbA=="
        }
      ]
    },
    {
      "mode": "managed",
      "type": "aws_cloudwatch_log_group",
      "name": "connect_log_group",
      "provider": "provider[\"registry.terraform.io/hashicorp/aws\"]",
      "instances": [
        {
          "schema_version": 0,
          "attributes": {
            "arn": "arn:aws:logs:ap-southeast-2:819351093183:log-group:/aws/lambda/HandleConnectFunction",
            "id": "/aws/lambda/HandleConnectFunction",
            "kms_key_id": "",
            "log_group_class": "STANDARD",
            "name": "/aws/lambda/HandleConnectFunction",
            "name_prefix": "",
            "retention_in_days": 14,
            "skip_destroy": false,
            "tags": {},
            "tags_all": {}
          },
          "sensitive_attributes": [],
          "identity_schema_version": 0,
          "private": "bnVsbA=="
        }
      ]
    },
    {
      "mode": "managed",
      "type": "aws_cloudwatch_log_group",
      "name": "disconnect_log_group",
      "provider": "provider[\"registry.terraform.io/hashicorp/aws\"]",
      "instances": [
        {
          "schema_version": 0,
          "attributes": {
            "arn": "arn:aws:logs:ap-southeast-2:819351093183:log-group:/aws/lambda/HandleDisconnectFunction",
            "id": "/aws/lambda/HandleDisconnectFunction",
            "kms_key_id": "",
            "log_group_class": "STANDARD",
            "name": "/aws/lambda/HandleDisconnectFunction",
            "name_prefix": "",
            "retention_in_days": 14,
            "skip_destroy": false,
            "tags": {},
            "tags_all": {}
          },
          "sensitive_attributes": [],
          "identity_schema_version": 0,
          "private": "bnVsbA=="
        }
      ]
    },
    {
      "mode": "managed",
      "type": "aws_cloudwatch_log_group",
      "name": "http_api_logs",
      "provider": "provider[\"registry.terraform.io/hashicorp/aws\"]",
      "instances": [
        {
          "schema_version": 0,
          "attributes": {
            "arn": "arn:aws:logs:ap-southeast-2:819351093183:log-group:/aws/apigateway/HttpPushApi-prod",
            "id": "/aws/apigateway/HttpPushApi-prod",
            "kms_key_id": "",
            "log_group_class": "STANDARD",
            "name": "/aws/apigateway/HttpPushApi-prod",
            "name_prefix": "",
            "retention_in_days": 14,
            "skip_destroy": false,
            "tags": {},
            "tags_all": {}
          },
          "sensitive_attributes": [],
          "identity_schema_version": 0,
          "private": "bnVsbA=="
        }
      ]
    },
    {
      "mode": "managed",
      "type": "aws_cloudwatch_log_group",
      "name": "post_connect_worker_log_group",
      "provider": "provider[\"registry.terraform.io/hashicorp/aws\"]",
      "instances": [
        {
          "schema_version": 0,
          "attributes": {
            "arn": "arn:aws:logs:ap-southeast-2:819351093183:log-group:/aws/lambda/PostConnectWorkerFunction",
            "id": "/aws/lambda/PostConnectWorkerFunction",
            "kms_key_id": "",
            "log_group_class": "STANDARD",
            "name": "/aws/lambda/PostConnectWorkerFunction",
            "name_prefix": "",
            "retention_in_days": 14,
            "skip_destroy": false,
            "tags": {},
            "tags_all": {}
          },
          "sensitive_attributes": [],
          "identity_schema_version": 0,
          "private": "bnVsbA=="
        }
      ]
    },
    {
      "mode": "managed",
      "type": "aws_cloudwatch_log_group",
      "name": "send_log_group",
      "provider": "provider[\"registry.terraform.io/hashicorp/aws\"]",
      "instances": [
        {
          "schema_version": 0,
          "attributes": {
            "arn": "arn:aws:logs:ap-southeast-2:819351093183:log-group:/aws/lambda/HandleSendMessageFunction",
            "id": "/aws/lambda/HandleSendMessageFunction",
            "kms_key_id": "",
            "log_group_class": "STANDARD",
            "name": "/aws/lambda/HandleSendMessageFunction",
            "name_prefix": "",
            "retention_in_days": 14,
            "skip_destroy": false,
            "tags": {},
            "tags_all": {}
          },
          "sensitive_attributes": [],
          "identity_schema_version": 0,
          "private": "bnVsbA=="
        }
      ]
    },
    {
      "mode": "managed",
      "type": "aws_cloudwatch_log_group",
      "name": "websocket_api_logs",
      "provider": "provider[\"registry.terraform.io/hashicorp/aws\"]",
      "instances": [
        {
          "schema_version": 0,
          "attributes": {
            "arn": "arn:aws:logs:ap-southeast-2:819351093183:log-group:/aws/apigateway/fdx0v5jqud",
            "id": "/aws/apigateway/fdx0v5jqud",
            "kms_key_id": "",
            "log_group_class": "STANDARD",
            "name": "/aws/apigateway/fdx0v5jqud",
            "name_prefix": "",
            "retention_in_days": 14,
            "skip_destroy": false,
            "tags": {},
            "tags_all": {}
          },
          "sensitive_attributes": [],
          "identity_schema_version": 0,
          "private": "bnVsbA==",
          "dependencies": [
            "aws_apigatewayv2_api.websocket_api"
          ]
        }
      ]
    },
    {
      "mode": "managed",
      "type": "aws_dynamodb_table",
      "name": "analysis_messages",
      "provider": "provider[\"registry.terraform.io/hashicorp/aws\"]",
      "instances": [
        {
          "schema_version": 1,
          "attributes": {
            "arn": "arn:aws:dynamodb:ap-southeast-2:819351093183:table/AnalysisMessages",
            "attribute": [
              {
                "name": "partitionKey",
                "type": "S"
              },
              {
                "name": "timestamp",
                "type": "N"
              }
            ],
            "billing_mode": "PAY_PER_REQUEST",
            "deletion_protection_enabled": false,
            "global_secondary_index": [],
            "hash_key": "partitionKey",
            "id": "AnalysisMessages",
            "import_table": [],
            "local_secondary_index": [],
            "name": "AnalysisMessages",
            "on_demand_throughput": [],
            "point_in_time_recovery": [
              {
                "enabled": false,
                "recovery_period_in_days": 0
              }
            ],
            "range_key": "timestamp",
            "read_capacity": 0,
            "replica": [],
            "restore_date_time": null,
            "restore_source_name": null,
            "restore_source_table_arn": null,
            "restore_to_latest_time": null,
            "server_side_encryption": [],
            "stream_arn": "",
            "stream_enabled": false,
            "stream_label": "",
            "stream_view_type": "",
            "table_class": "STANDARD",
            "tags": {
              "Name": "AnalysisMessages"
            },
            "tags_all": {
              "Name": "AnalysisMessages"
            },
            "timeouts": null,
            "ttl": [
              {
                "attribute_name": "",
                "enabled": false
              }
            ],
            "write_capacity": 0
          },
          "sensitive_attributes": [],
          "identity_schema_version": 0,
          "private": "eyJlMmJmYjczMC1lY2FhLTExZTYtOGY4OC0zNDM2M2JjN2M0YzAiOnsiY3JlYXRlIjoxODAwMDAwMDAwMDAwLCJkZWxldGUiOjYwMDAwMDAwMDAwMCwidXBkYXRlIjozNjAwMDAwMDAwMDAwfSwic2NoZW1hX3ZlcnNpb24iOiIxIn0="
        }
      ]
    },
    {
      "mode": "managed",
      "type": "aws_dynamodb_table",
      "name": "websocket_connections",
      "provider": "provider[\"registry.terraform.io/hashicorp/aws\"]",
      "instances": [
        {
          "schema_version": 1,
          "attributes": {
            "arn": "arn:aws:dynamodb:ap-southeast-2:819351093183:table/WebSocketConnections",
            "attribute": [
              {
                "name": "connectionId",
                "type": "S"
              }
            ],
            "billing_mode": "PAY_PER_REQUEST",
            "deletion_protection_enabled": false,
            "global_secondary_index": [],
            "hash_key": "connectionId",
            "id": "WebSocketConnections",
            "import_table": [],
            "local_secondary_index": [],
            "name": "WebSocketConnections",
            "on_demand_throughput": [],
            "point_in_time_recovery": [
              {
                "enabled": false,
                "recovery_period_in_days": 0
              }
            ],
            "range_key": null,
            "read_capacity": 0,
            "replica": [],
            "restore_date_time": null,
            "restore_source_name": null,
            "restore_source_table_arn": null,
            "restore_to_latest_time": null,
            "server_side_encryption": [],
            "stream_arn": "",
            "stream_enabled": false,
            "stream_label": "",
            "stream_view_type": "",
            "table_class": "STANDARD",
            "tags": {
              "Name": "WebSocketConnections"
            },
            "tags_all": {
              "Name": "WebSocketConnections"
            },
            "timeouts": null,
            "ttl": [
              {
                "attribute_name": "",
                "enabled": false
              }
            ],
            "write_capacity": 0
          },
          "sensitive_attributes": [],
          "identity_schema_version": 0,
          "private": "eyJlMmJmYjczMC1lY2FhLTExZTYtOGY4OC0zNDM2M2JjN2M0YzAiOnsiY3JlYXRlIjoxODAwMDAwMDAwMDAwLCJkZWxldGUiOjYwMDAwMDAwMDAwMCwidXBkYXRlIjozNjAwMDAwMDAwMDAwfSwic2NoZW1hX3ZlcnNpb24iOiIxIn0="
        }
      ]
    },
    {
      "mode": "managed",
      "type": "aws_iam_role",
      "name": "apigw_cloudwatch_role",
      "provider": "provider[\"registry.terraform.io/hashicorp/aws\"]",
      "instances": [
        {
          "schema_version": 0,
          "attributes": {
            "arn": "arn:aws:iam::819351093183:role/ApiGatewayWebSocketLoggingRole",
            "assume_role_policy": "{\"Statement\":[{\"Action\":\"sts:AssumeRole\",\"Effect\":\"Allow\",\"Principal\":{\"Service\":\"apigateway.amazonaws.com\"}}],\"Version\":\"2012-10-17\"}",
            "create_date": "2025-08-07T11:51:34Z",
            "description": "",
            "force_detach_policies": false,
            "id": "ApiGatewayWebSocketLoggingRole",
            "inline_policy": [
              {
                "name": "ApiGatewayLoggingPolicy",
                "policy": "{\"Version\":\"2012-10-17\",\"Statement\":[{\"Action\":[\"logs:PutLogEvents\",\"logs:CreateLogStream\",\"logs:CreateLogGroup\"],\"Effect\":\"Allow\",\"Resource\":\"*\"}]}"
              }
            ],
            "managed_policy_arns": [],
            "max_session_duration": 3600,
            "name": "ApiGatewayWebSocketLoggingRole",
            "name_prefix": "",
            "path": "/",
            "permissions_boundary": "",
            "tags": {},
            "tags_all": {},
            "unique_id": "AROA35RJBP673QMWWYROD"
          },
          "sensitive_attributes": [],
          "identity_schema_version": 0,
          "private": "bnVsbA==",
          "dependencies": [
            "data.aws_iam_policy_document.apigw_logs_assume"
          ]
        }
      ]
    },
    {
      "mode": "managed",
      "type": "aws_iam_role",
      "name": "lambda_execution",
      "provider": "provider[\"registry.terraform.io/hashicorp/aws\"]",
      "instances": [
        {
          "schema_version": 0,
          "attributes": {
            "arn": "arn:aws:iam::819351093183:role/WebSocketLambdaExecutionRole",
            "assume_role_policy": "{\"Statement\":[{\"Action\":\"sts:AssumeRole\",\"Effect\":\"Allow\",\"Principal\":{\"Service\":\"lambda.amazonaws.com\"}}],\"Version\":\"2012-10-17\"}",
            "create_date": "2025-08-07T11:51:34Z",
            "description": "",
            "force_detach_policies": false,
            "id": "WebSocketLambdaExecutionRole",
            "inline_policy": [
              {
                "name": "WebSocketLambdaPolicy",
                "policy": "{\"Version\":\"2012-10-17\",\"Statement\":[{\"Action\":[\"dynamodb:Scan\",\"dynamodb:PutItem\",\"dynamodb:DeleteItem\"],\"Effect\":\"Allow\",\"Resource\":\"arn:aws:dynamodb:ap-southeast-2:819351093183:table/WebSocketConnections\",\"Sid\":\"DynamoPermissionsConnections\"},{\"Action\":\"execute-api:ManageConnections\",\"Effect\":\"Allow\",\"Resource\":\"*\",\"Sid\":\"ManageConnections\"},{\"Action\":[\"dynamodb:Query\",\"dynamodb:PutItem\",\"dynamodb:DeleteItem\"],\"Effect\":\"Allow\",\"Resource\":\"arn:aws:dynamodb:ap-southeast-2:819351093183:table/AnalysisMessages\",\"Sid\":\"MessagesTable\"}]}"
              }
            ],
            "managed_policy_arns": [
              "arn:aws:iam::aws:policy/service-role/AWSLambdaBasicExecutionRole"
            ],
            "max_session_duration": 3600,
            "name": "WebSocketLambdaExecutionRole",
            "name_prefix": "",
            "path": "/",
            "permissions_boundary": "",
            "tags": {},
            "tags_all": {},
            "unique_id": "AROA35RJBP67QTFZPMG6E"
          },
          "sensitive_attributes": [],
          "identity_schema_version": 0,
          "private": "bnVsbA==",
          "dependencies": [
            "data.aws_iam_policy_document.lambda_assume"
          ]
        }
      ]
    },
    {
      "mode": "managed",
      "type": "aws_iam_role_policy",
      "name": "apigw_log_policy_attach",
      "provider": "provider[\"registry.terraform.io/hashicorp/aws\"]",
      "instances": [
        {
          "schema_version": 0,
          "attributes": {
            "id": "ApiGatewayWebSocketLoggingRole:ApiGatewayLoggingPolicy",
            "name": "ApiGatewayLoggingPolicy",
            "name_prefix": "",
            "policy": "{\"Version\":\"2012-10-17\",\"Statement\":[{\"Action\":[\"logs:PutLogEvents\",\"logs:CreateLogStream\",\"logs:CreateLogGroup\"],\"Effect\":\"Allow\",\"Resource\":\"*\"}]}",
            "role": "ApiGatewayWebSocketLoggingRole"
          },
          "sensitive_attributes": [],
          "identity_schema_version": 0,
          "private": "bnVsbA==",
          "dependencies": [
            "aws_iam_role.apigw_cloudwatch_role",
            "data.aws_iam_policy_document.apigw_log_policy",
            "data.aws_iam_policy_document.apigw_logs_assume"
          ]
        }
      ]
    },
    {
      "mode": "managed",
      "type": "aws_iam_role_policy",
      "name": "lambda_inline_policy",
      "provider": "provider[\"registry.terraform.io/hashicorp/aws\"]",
      "instances": [
        {
          "schema_version": 0,
          "attributes": {
            "id": "WebSocketLambdaExecutionRole:WebSocketLambdaPolicy",
            "name": "WebSocketLambdaPolicy",
            "name_prefix": "",
            "policy": "{\"Version\":\"2012-10-17\",\"Statement\":[{\"Action\":[\"dynamodb:Scan\",\"dynamodb:PutItem\",\"dynamodb:DeleteItem\"],\"Effect\":\"Allow\",\"Resource\":\"arn:aws:dynamodb:ap-southeast-2:819351093183:table/WebSocketConnections\",\"Sid\":\"DynamoPermissionsConnections\"},{\"Action\":\"execute-api:ManageConnections\",\"Effect\":\"Allow\",\"Resource\":\"*\",\"Sid\":\"ManageConnections\"},{\"Action\":[\"dynamodb:Query\",\"dynamodb:PutItem\",\"dynamodb:DeleteItem\"],\"Effect\":\"Allow\",\"Resource\":\"arn:aws:dynamodb:ap-southeast-2:819351093183:table/AnalysisMessages\",\"Sid\":\"MessagesTable\"}]}",
            "role": "WebSocketLambdaExecutionRole"
          },
          "sensitive_attributes": [],
          "identity_schema_version": 0,
          "private": "bnVsbA==",
          "dependencies": [
            "aws_dynamodb_table.analysis_messages",
            "aws_dynamodb_table.websocket_connections",
            "aws_iam_role.lambda_execution",
            "data.aws_iam_policy_document.lambda_assume",
            "data.aws_iam_policy_document.lambda_policy_doc"
          ]
        }
      ]
    },
    {
      "mode": "managed",
      "type": "aws_iam_role_policy_attachment",
      "name": "lambda_basic_exec",
      "provider": "provider[\"registry.terraform.io/hashicorp/aws\"]",
      "instances": [
        {
          "schema_version": 0,
          "attributes": {
            "id": "WebSocketLambdaExecutionRole-20250807115135362800000003",
            "policy_arn": "arn:aws:iam::aws:policy/service-role/AWSLambdaBasicExecutionRole",
            "role": "WebSocketLambdaExecutionRole"
          },
          "sensitive_attributes": [],
          "identity_schema_version": 0,
          "private": "bnVsbA==",
          "dependencies": [
            "aws_iam_role.lambda_execution",
            "data.aws_iam_policy_document.lambda_assume"
          ]
        }
      ]
    },
    {
      "mode": "managed",
      "type": "aws_lambda_function",
      "name": "lambda_functions",
      "provider": "provider[\"registry.terraform.io/hashicorp/aws\"]",
      "instances": [
        {
          "index_key": "handle_connect",
          "schema_version": 0,
          "attributes": {
            "architectures": [
              "x86_64"
            ],
            "arn": "arn:aws:lambda:ap-southeast-2:819351093183:function:handle_connect",
            "code_sha256": "0iTdzyne1RwepZjEq6OAB7Uk9Q4oqRqtEuJWky14k+U=",
            "code_signing_config_arn": "",
            "dead_letter_config": [],
            "description": "",
            "environment": [
              {
                "variables": {
                  "API_GATEWAY_ID": "fdx0v5jqud",
                  "ASYNC_CONNECT_WORKER": "post_connect_worker",
                  "CONNECTIONS_TABLE": "WebSocketConnections",
                  "CURR_AWS_REGION": "ap-southeast-2",
                  "MESSAGES_TABLE": "AnalysisMessages",
                  "STAGE": "prod"
                }
              }
            ],
            "ephemeral_storage": [
              {
                "size": 512
              }
            ],
            "file_system_config": [],
            "filename": "./build/handle_connect.zip",
            "function_name": "handle_connect",
            "handler": "index.lambda_handler",
            "id": "handle_connect",
            "image_config": [],
            "image_uri": "",
            "invoke_arn": "arn:aws:apigateway:ap-southeast-2:lambda:path/2015-03-31/functions/arn:aws:lambda:ap-southeast-2:819351093183:function:handle_connect/invocations",
            "kms_key_arn": "",
            "last_modified": "2025-08-08T13:04:32.842+0000",
            "layers": [],
            "logging_config": [
              {
                "application_log_level": "",
                "log_format": "Text",
                "log_group": "/aws/lambda/handle_connect",
                "system_log_level": ""
              }
            ],
            "memory_size": 128,
            "package_type": "Zip",
            "publish": false,
            "qualified_arn": "arn:aws:lambda:ap-southeast-2:819351093183:function:handle_connect:$LATEST",
            "qualified_invoke_arn": "arn:aws:apigateway:ap-southeast-2:lambda:path/2015-03-31/functions/arn:aws:lambda:ap-southeast-2:819351093183:function:handle_connect:$LATEST/invocations",
            "replace_security_groups_on_destroy": null,
            "replacement_security_group_ids": null,
            "reserved_concurrent_executions": -1,
            "role": "arn:aws:iam::819351093183:role/WebSocketLambdaExecutionRole",
            "runtime": "python3.11",
            "s3_bucket": null,
            "s3_key": null,
            "s3_object_version": null,
            "signing_job_arn": "",
            "signing_profile_version_arn": "",
            "skip_destroy": false,
            "snap_start": [],
            "source_code_hash": "0iTdzyne1RwepZjEq6OAB7Uk9Q4oqRqtEuJWky14k+U=",
            "source_code_size": 559,
            "tags": {},
            "tags_all": {},
            "timeout": 3,
            "timeouts": null,
            "tracing_config": [
              {
                "mode": "PassThrough"
              }
            ],
            "version": "$LATEST",
            "vpc_config": []
          },
          "sensitive_attributes": [],
          "identity_schema_version": 0,
          "private": "eyJlMmJmYjczMC1lY2FhLTExZTYtOGY4OC0zNDM2M2JjN2M0YzAiOnsiY3JlYXRlIjo2MDAwMDAwMDAwMDAsImRlbGV0ZSI6NjAwMDAwMDAwMDAwLCJ1cGRhdGUiOjYwMDAwMDAwMDAwMH19",
          "dependencies": [
            "aws_apigatewayv2_api.websocket_api",
            "aws_dynamodb_table.analysis_messages",
            "aws_dynamodb_table.websocket_connections",
            "aws_iam_role.lambda_execution",
            "data.archive_file.lambda_zips",
            "data.aws_iam_policy_document.lambda_assume"
          ]
        },
        {
          "index_key": "handle_disconnect",
          "schema_version": 0,
          "attributes": {
            "architectures": [
              "x86_64"
            ],
            "arn": "arn:aws:lambda:ap-southeast-2:819351093183:function:handle_disconnect",
            "code_sha256": "3bts1dchUHkC0Hsa0haMmnNa0oRnhfa8rX6f5VDKP2M=",
            "code_signing_config_arn": "",
            "dead_letter_config": [],
            "description": "",
            "environment": [
              {
                "variables": {
                  "API_GATEWAY_ID": "fdx0v5jqud",
                  "ASYNC_CONNECT_WORKER": "post_connect_worker",
                  "CONNECTIONS_TABLE": "WebSocketConnections",
                  "CURR_AWS_REGION": "ap-southeast-2",
                  "MESSAGES_TABLE": "AnalysisMessages",
                  "STAGE": "prod",
                  "TABLE_NAME": "WebSocketConnections"
                }
              }
            ],
            "ephemeral_storage": [
              {
                "size": 512
              }
            ],
            "file_system_config": [],
            "filename": "./build/handle_disconnect.zip",
            "function_name": "handle_disconnect",
            "handler": "index.lambda_handler",
            "id": "handle_disconnect",
            "image_config": [],
            "image_uri": "",
            "invoke_arn": "arn:aws:apigateway:ap-southeast-2:lambda:path/2015-03-31/functions/arn:aws:lambda:ap-southeast-2:819351093183:function:handle_disconnect/invocations",
            "kms_key_arn": "",
            "last_modified": "2025-08-08T13:04:21.352+0000",
            "layers": [],
            "logging_config": [
              {
                "application_log_level": "",
                "log_format": "Text",
                "log_group": "/aws/lambda/handle_disconnect",
                "system_log_level": ""
              }
            ],
            "memory_size": 128,
            "package_type": "Zip",
            "publish": false,
            "qualified_arn": "arn:aws:lambda:ap-southeast-2:819351093183:function:handle_disconnect:$LATEST",
            "qualified_invoke_arn": "arn:aws:apigateway:ap-southeast-2:lambda:path/2015-03-31/functions/arn:aws:lambda:ap-southeast-2:819351093183:function:handle_disconnect:$LATEST/invocations",
            "replace_security_groups_on_destroy": null,
            "replacement_security_group_ids": null,
            "reserved_concurrent_executions": -1,
            "role": "arn:aws:iam::819351093183:role/WebSocketLambdaExecutionRole",
            "runtime": "python3.11",
            "s3_bucket": null,
            "s3_key": null,
            "s3_object_version": null,
            "signing_job_arn": "",
            "signing_profile_version_arn": "",
            "skip_destroy": false,
            "snap_start": [],
            "source_code_hash": "3bts1dchUHkC0Hsa0haMmnNa0oRnhfa8rX6f5VDKP2M=",
            "source_code_size": 332,
            "tags": {},
            "tags_all": {},
            "timeout": 3,
            "timeouts": null,
            "tracing_config": [
              {
                "mode": "PassThrough"
              }
            ],
            "version": "$LATEST",
            "vpc_config": []
          },
          "sensitive_attributes": [],
          "identity_schema_version": 0,
          "private": "eyJlMmJmYjczMC1lY2FhLTExZTYtOGY4OC0zNDM2M2JjN2M0YzAiOnsiY3JlYXRlIjo2MDAwMDAwMDAwMDAsImRlbGV0ZSI6NjAwMDAwMDAwMDAwLCJ1cGRhdGUiOjYwMDAwMDAwMDAwMH19",
          "dependencies": [
            "aws_apigatewayv2_api.websocket_api",
            "aws_dynamodb_table.analysis_messages",
            "aws_dynamodb_table.websocket_connections",
            "aws_iam_role.lambda_execution",
            "data.archive_file.lambda_zips",
            "data.aws_iam_policy_document.lambda_assume"
          ]
        },
        {
          "index_key": "handle_send_message",
          "schema_version": 0,
          "attributes": {
            "architectures": [
              "x86_64"
            ],
            "arn": "arn:aws:lambda:ap-southeast-2:819351093183:function:handle_send_message",
            "code_sha256": "csQPUtLm87NPQ137WEgQRvy+2tJbQg6fabHT39ft5ec=",
            "code_signing_config_arn": "",
            "dead_letter_config": [],
            "description": "",
            "environment": [
              {
                "variables": {
                  "API_GATEWAY_ID": "fdx0v5jqud",
                  "ASYNC_CONNECT_WORKER": "post_connect_worker",
                  "CONNECTIONS_TABLE": "WebSocketConnections",
                  "CURR_AWS_REGION": "ap-southeast-2",
                  "MESSAGES_TABLE": "AnalysisMessages",
                  "STAGE": "prod"
                }
              }
            ],
            "ephemeral_storage": [
              {
                "size": 512
              }
            ],
            "file_system_config": [],
            "filename": "./build/handle_send_message.zip",
            "function_name": "handle_send_message",
            "handler": "index.lambda_handler",
            "id": "handle_send_message",
            "image_config": [],
            "image_uri": "",
            "invoke_arn": "arn:aws:apigateway:ap-southeast-2:lambda:path/2015-03-31/functions/arn:aws:lambda:ap-southeast-2:819351093183:function:handle_send_message/invocations",
            "kms_key_arn": "",
            "last_modified": "2025-08-08T13:04:15.594+0000",
            "layers": [],
            "logging_config": [
              {
                "application_log_level": "",
                "log_format": "Text",
                "log_group": "/aws/lambda/handle_send_message",
                "system_log_level": ""
              }
            ],
            "memory_size": 128,
            "package_type": "Zip",
            "publish": false,
            "qualified_arn": "arn:aws:lambda:ap-southeast-2:819351093183:function:handle_send_message:$LATEST",
            "qualified_invoke_arn": "arn:aws:apigateway:ap-southeast-2:lambda:path/2015-03-31/functions/arn:aws:lambda:ap-southeast-2:819351093183:function:handle_send_message:$LATEST/invocations",
            "replace_security_groups_on_destroy": null,
            "replacement_security_group_ids": null,
            "reserved_concurrent_executions": -1,
            "role": "arn:aws:iam::819351093183:role/WebSocketLambdaExecutionRole",
            "runtime": "python3.11",
            "s3_bucket": null,
            "s3_key": null,
            "s3_object_version": null,
            "signing_job_arn": "",
            "signing_profile_version_arn": "",
            "skip_destroy": false,
            "snap_start": [],
            "source_code_hash": "csQPUtLm87NPQ137WEgQRvy+2tJbQg6fabHT39ft5ec=",
            "source_code_size": 1081,
            "tags": {},
            "tags_all": {},
            "timeout": 3,
            "timeouts": null,
            "tracing_config": [
              {
                "mode": "PassThrough"
              }
            ],
            "version": "$LATEST",
            "vpc_config": []
          },
          "sensitive_attributes": [],
          "identity_schema_version": 0,
          "private": "eyJlMmJmYjczMC1lY2FhLTExZTYtOGY4OC0zNDM2M2JjN2M0YzAiOnsiY3JlYXRlIjo2MDAwMDAwMDAwMDAsImRlbGV0ZSI6NjAwMDAwMDAwMDAwLCJ1cGRhdGUiOjYwMDAwMDAwMDAwMH19",
          "dependencies": [
            "aws_apigatewayv2_api.websocket_api",
            "aws_dynamodb_table.analysis_messages",
            "aws_dynamodb_table.websocket_connections",
            "aws_iam_role.lambda_execution",
            "data.archive_file.lambda_zips",
            "data.aws_iam_policy_document.lambda_assume"
          ]
        },
        {
          "index_key": "post_connect_worker",
          "schema_version": 0,
          "attributes": {
            "architectures": [
              "x86_64"
            ],
            "arn": "arn:aws:lambda:ap-southeast-2:819351093183:function:post_connect_worker",
            "code_sha256": "1MP8DWHNEB2CVBuF5Goel1vLXFZgkQPOLw3nyTAbbMY=",
            "code_signing_config_arn": "",
            "dead_letter_config": [],
            "description": "",
            "environment": [
              {
                "variables": {
                  "API_GATEWAY_ID": "fdx0v5jqud",
                  "ASYNC_CONNECT_WORKER": "post_connect_worker",
                  "CONNECTIONS_TABLE": "WebSocketConnections",
                  "CURR_AWS_REGION": "ap-southeast-2",
                  "MESSAGES_TABLE": "AnalysisMessages",
                  "STAGE": "prod"
                }
              }
            ],
            "ephemeral_storage": [
              {
                "size": 512
              }
            ],
            "file_system_config": [],
            "filename": "./build/post_connect_worker.zip",
            "function_name": "post_connect_worker",
            "handler": "index.lambda_handler",
            "id": "post_connect_worker",
            "image_config": [],
            "image_uri": "",
            "invoke_arn": "arn:aws:apigateway:ap-southeast-2:lambda:path/2015-03-31/functions/arn:aws:lambda:ap-southeast-2:819351093183:function:post_connect_worker/invocations",
            "kms_key_arn": "",
            "last_modified": "2025-08-08T13:04:27.095+0000",
            "layers": [],
            "logging_config": [
              {
                "application_log_level": "",
                "log_format": "Text",
                "log_group": "/aws/lambda/post_connect_worker",
                "system_log_level": ""
              }
            ],
            "memory_size": 128,
            "package_type": "Zip",
            "publish": false,
            "qualified_arn": "arn:aws:lambda:ap-southeast-2:819351093183:function:post_connect_worker:$LATEST",
            "qualified_invoke_arn": "arn:aws:apigateway:ap-southeast-2:lambda:path/2015-03-31/functions/arn:aws:lambda:ap-southeast-2:819351093183:function:post_connect_worker:$LATEST/invocations",
            "replace_security_groups_on_destroy": null,
            "replacement_security_group_ids": null,
            "reserved_concurrent_executions": -1,
            "role": "arn:aws:iam::819351093183:role/WebSocketLambdaExecutionRole",
            "runtime": "python3.11",
            "s3_bucket": null,
            "s3_key": null,
            "s3_object_version": null,
            "signing_job_arn": "",
            "signing_profile_version_arn": "",
            "skip_destroy": false,
            "snap_start": [],
            "source_code_hash": "1MP8DWHNEB2CVBuF5Goel1vLXFZgkQPOLw3nyTAbbMY=",
            "source_code_size": 732,
            "tags": {},
            "tags_all": {},
            "timeout": 3,
            "timeouts": null,
            "tracing_config": [
              {
                "mode": "PassThrough"
              }
            ],
            "version": "$LATEST",
            "vpc_config": []
          },
          "sensitive_attributes": [],
          "identity_schema_version": 0,
          "private": "eyJlMmJmYjczMC1lY2FhLTExZTYtOGY4OC0zNDM2M2JjN2M0YzAiOnsiY3JlYXRlIjo2MDAwMDAwMDAwMDAsImRlbGV0ZSI6NjAwMDAwMDAwMDAwLCJ1cGRhdGUiOjYwMDAwMDAwMDAwMH19",
          "dependencies": [
            "aws_apigatewayv2_api.websocket_api",
            "aws_dynamodb_table.analysis_messages",
            "aws_dynamodb_table.websocket_connections",
            "aws_iam_role.lambda_execution",
            "data.archive_file.lambda_zips",
            "data.aws_iam_policy_document.lambda_assume"
          ]
        }
      ]
    },
    {
      "mode": "managed",
      "type": "aws_lambda_permission",
      "name": "allow_apigw_invoke",
      "provider": "provider[\"registry.terraform.io/hashicorp/aws\"]",
      "instances": [
        {
          "index_key": "connect",
          "schema_version": 0,
          "attributes": {
            "action": "lambda:InvokeFunction",
            "event_source_token": null,
            "function_name": "handle_connect",
            "function_url_auth_type": null,
            "id": "AllowAPIGWInvoke_connect",
            "principal": "apigateway.amazonaws.com",
            "principal_org_id": null,
            "qualifier": "",
            "source_account": null,
            "source_arn": "arn:aws:execute-api:ap-southeast-2:819351093183:fdx0v5jqud/*/$connect",
            "statement_id": "AllowAPIGWInvoke_connect",
            "statement_id_prefix": ""
          },
          "sensitive_attributes": [],
          "identity_schema_version": 0,
          "private": "bnVsbA==",
          "dependencies": [
            "aws_apigatewayv2_api.websocket_api",
            "aws_dynamodb_table.analysis_messages",
            "aws_dynamodb_table.websocket_connections",
            "aws_iam_role.lambda_execution",
            "aws_lambda_function.lambda_functions",
            "data.archive_file.lambda_zips",
            "data.aws_caller_identity.current",
            "data.aws_iam_policy_document.lambda_assume"
          ]
        },
        {
          "index_key": "disconnect",
          "schema_version": 0,
          "attributes": {
            "action": "lambda:InvokeFunction",
            "event_source_token": null,
            "function_name": "handle_disconnect",
            "function_url_auth_type": null,
            "id": "AllowAPIGWInvoke_disconnect",
            "principal": "apigateway.amazonaws.com",
            "principal_org_id": null,
            "qualifier": "",
            "source_account": null,
            "source_arn": "arn:aws:execute-api:ap-southeast-2:819351093183:fdx0v5jqud/*/$disconnect",
            "statement_id": "AllowAPIGWInvoke_disconnect",
            "statement_id_prefix": ""
          },
          "sensitive_attributes": [],
          "identity_schema_version": 0,
          "private": "bnVsbA==",
          "dependencies": [
            "aws_apigatewayv2_api.websocket_api",
            "aws_dynamodb_table.analysis_messages",
            "aws_dynamodb_table.websocket_connections",
            "aws_iam_role.lambda_execution",
            "aws_lambda_function.lambda_functions",
            "data.archive_file.lambda_zips",
            "data.aws_caller_identity.current",
            "data.aws_iam_policy_document.lambda_assume"
          ]
        }
      ]
    },
    {
      "mode": "managed",
      "type": "aws_lambda_permission",
      "name": "allow_apigw_invoke_http_send",
      "provider": "provider[\"registry.terraform.io/hashicorp/aws\"]",
      "instances": [
        {
          "schema_version": 0,
          "attributes": {
            "action": "lambda:InvokeFunction",
            "event_source_token": null,
            "function_name": "handle_send_message",
            "function_url_auth_type": null,
            "id": "AllowAPIGWInvoke_send_message",
            "principal": "apigateway.amazonaws.com",
            "principal_org_id": null,
            "qualifier": "",
            "source_account": null,
            "source_arn": "arn:aws:execute-api:ap-southeast-2:819351093183:gbq9cj5odb/*/POST/send",
            "statement_id": "AllowAPIGWInvoke_send_message",
            "statement_id_prefix": ""
          },
          "sensitive_attributes": [],
          "identity_schema_version": 0,
          "private": "bnVsbA==",
          "dependencies": [
            "aws_apigatewayv2_api.http_api",
            "aws_apigatewayv2_api.websocket_api",
            "aws_dynamodb_table.analysis_messages",
            "aws_dynamodb_table.websocket_connections",
            "aws_iam_role.lambda_execution",
            "aws_lambda_function.lambda_functions",
            "data.archive_file.lambda_zips",
            "data.aws_caller_identity.current",
            "data.aws_iam_policy_document.lambda_assume"
          ]
        }
      ]
    },
    {
      "mode": "managed",
      "type": "aws_s3_bucket",
      "name": "frontend_bucket",
      "provider": "provider[\"registry.terraform.io/hashicorp/aws\"]",
      "instances": [
        {
          "schema_version": 0,
          "attributes": {
            "acceleration_status": "",
            "acl": null,
            "arn": "arn:aws:s3:::qts-front-5222753b",
            "bucket": "qts-front-5222753b",
            "bucket_domain_name": "qts-front-5222753b.s3.amazonaws.com",
            "bucket_prefix": "",
            "bucket_regional_domain_name": "qts-front-5222753b.s3.ap-southeast-2.amazonaws.com",
            "cors_rule": [],
            "force_destroy": false,
            "grant": [
              {
                "id": "f0689401aa5f8d22a7fefb524af91735aab1bdb24201df9482a5cb4624fd408d",
                "permissions": [
                  "FULL_CONTROL"
                ],
                "type": "CanonicalUser",
                "uri": ""
              }
            ],
            "hosted_zone_id": "Z1WCIGYICN2BYD",
            "id": "qts-front-5222753b",
            "lifecycle_rule": [],
            "logging": [],
            "object_lock_configuration": [],
            "object_lock_enabled": false,
            "policy": "",
            "region": "ap-southeast-2",
            "replication_configuration": [],
            "request_payer": "BucketOwner",
            "server_side_encryption_configuration": [
              {
                "rule": [
                  {
                    "apply_server_side_encryption_by_default": [
                      {
                        "kms_master_key_id": "",
                        "sse_algorithm": "AES256"
                      }
                    ],
                    "bucket_key_enabled": false
                  }
                ]
              }
            ],
            "tags": {},
            "tags_all": {},
            "timeouts": null,
            "versioning": [
              {
                "enabled": false,
                "mfa_delete": false
              }
            ],
            "website": [],
            "website_domain": "s3-website-ap-southeast-2.amazonaws.com",
            "website_endpoint": "qts-front-5222753b.s3-website-ap-southeast-2.amazonaws.com"
          },
          "sensitive_attributes": [],
          "identity_schema_version": 0,
          "private": "eyJlMmJmYjczMC1lY2FhLTExZTYtOGY4OC0zNDM2M2JjN2M0YzAiOnsiY3JlYXRlIjoxMjAwMDAwMDAwMDAwLCJkZWxldGUiOjM2MDAwMDAwMDAwMDAsInJlYWQiOjEyMDAwMDAwMDAwMDAsInVwZGF0ZSI6MTIwMDAwMDAwMDAwMH19"
        }
      ]
    },
    {
      "mode": "managed",
      "type": "aws_s3_bucket_policy",
      "name": "bucket_policy",
      "provider": "provider[\"registry.terraform.io/hashicorp/aws\"]",
      "instances": [
        {
          "schema_version": 0,
          "attributes": {
            "bucket": "qts-front-5222753b",
            "id": "qts-front-5222753b",
            "policy": "{\"Statement\":[{\"Action\":\"s3:GetObject\",\"Effect\":\"Allow\",\"Principal\":\"*\",\"Resource\":\"arn:aws:s3:::qts-front-5222753b/*\",\"Sid\":\"PublicReadGetObject\"}],\"Version\":\"2012-10-17\"}"
          },
          "sensitive_attributes": [],
          "identity_schema_version": 0,
          "private": "bnVsbA==",
          "dependencies": [
            "aws_cloudfront_distribution.frontend_cf",
            "aws_s3_bucket.frontend_bucket"
          ]
        }
      ]
    },
    {
      "mode": "managed",
      "type": "aws_s3_bucket_policy",
      "name": "public_read",
      "provider": "provider[\"registry.terraform.io/hashicorp/aws\"]",
      "instances": [
        {
          "schema_version": 0,
          "attributes": {
            "bucket": "qts-front-5222753b",
            "id": "qts-front-5222753b",
            "policy": "{\"Statement\":[{\"Action\":\"s3:GetObject\",\"Effect\":\"Allow\",\"Principal\":\"*\",\"Resource\":\"arn:aws:s3:::qts-front-5222753b/*\",\"Sid\":\"PublicReadGetObject\"}],\"Version\":\"2012-10-17\"}"
          },
          "sensitive_attributes": [],
          "identity_schema_version": 0,
          "private": "bnVsbA==",
          "dependencies": [
            "aws_s3_bucket.frontend_bucket",
            "aws_s3_bucket_public_access_block.public_access"
          ]
        }
      ]
    },
    {
      "mode": "managed",
      "type": "aws_s3_bucket_public_access_block",
      "name": "public_access",
      "provider": "provider[\"registry.terraform.io/hashicorp/aws\"]",
      "instances": [
        {
          "schema_version": 0,
          "attributes": {
            "block_public_acls": false,
            "block_public_policy": false,
            "bucket": "qts-front-5222753b",
            "id": "qts-front-5222753b",
            "ignore_public_acls": false,
            "restrict_public_buckets": false
          },
          "sensitive_attributes": [],
          "identity_schema_version": 0,
          "private": "bnVsbA==",
          "dependencies": [
            "aws_s3_bucket.frontend_bucket"
          ]
        }
      ]
    },
    {
      "mode": "managed",
      "type": "aws_s3_bucket_website_configuration",
      "name": "website_config",
      "provider": "provider[\"registry.terraform.io/hashicorp/aws\"]",
      "instances": [
        {
          "schema_version": 0,
          "attributes": {
            "bucket": "qts-front-5222753b",
            "error_document": [
              {
                "key": "error.html"
              }
            ],
            "expected_bucket_owner": "",
            "id": "qts-front-5222753b",
            "index_document": [
              {
                "suffix": "index.html"
              }
            ],
            "redirect_all_requests_to": [],
            "routing_rule": [],
            "routing_rules": "",
            "website_domain": "s3-website-ap-southeast-2.amazonaws.com",
            "website_endpoint": "qts-front-5222753b.s3-website-ap-southeast-2.amazonaws.com"
          },
          "sensitive_attributes": [],
          "identity_schema_version": 0,
          "private": "bnVsbA==",
          "dependencies": [
            "aws_s3_bucket.frontend_bucket"
          ]
        }
      ]
    },
    {
      "mode": "managed",
      "type": "kubernetes_config_map",
      "name": "aws_gateway_env",
      "provider": "provider[\"registry.terraform.io/hashicorp/kubernetes\"]",
      "instances": [
        {
          "schema_version": 0,
          "attributes": {
            "binary_data": {},
            "data": {
              "HTTP_API_ENDPOINT": "https://gbq9cj5odb.execute-api.ap-southeast-2.amazonaws.com/prod/send"
            },
            "id": "default/aws-gateway-env",
            "immutable": false,
            "metadata": [
              {
                "annotations": {},
                "generate_name": "",
                "generation": 0,
                "labels": {},
                "name": "aws-gateway-env",
                "namespace": "default",
                "resource_version": "199316",
                "uid": "667ba316-ccc6-4418-b12c-4898784c5157"
              }
            ]
          },
          "sensitive_attributes": [],
          "identity_schema_version": 1,
          "identity": {
            "api_version": "v1",
            "kind": "ConfigMap",
            "name": "aws-gateway-env",
            "namespace": "default"
          },
          "private": "bnVsbA==",
          "dependencies": [
            "aws_apigatewayv2_api.http_api"
          ]
        }
      ]
    },
    {
      "mode": "managed",
      "type": "random_id",
      "name": "suffix",
      "provider": "provider[\"registry.terraform.io/hashicorp/random\"]",
      "instances": [
        {
          "schema_version": 0,
          "attributes": {
            "b64_std": "XH1cXg==",
            "b64_url": "XH1cXg",
            "byte_length": 4,
            "dec": "1551719518",
            "hex": "5c7d5c5e",
            "id": "XH1cXg",
            "keepers": null,
            "prefix": null
          },
          "sensitive_attributes": [],
          "identity_schema_version": 0
        }
      ]
    }
  ],
  "check_results": null
}
